
Microsoft Visual Studio Solution File, Format Version 12.00
# Visual Studio 2015
Project("{FAE04EC0-301F-11D3-BF4B-00C04F79EFBC}") = "hands test", "hands test.csproj", "{7B967F74-0586-42CE-A999-B4D767433CFA}"
EndProject
Project("{FAE04EC0-301F-11D3-BF4B-00C04F79EFBC}") = "hands test.Editor", "hands test.Editor.csproj", "{D813E352-F7EF-271B-9899-AD946A56F4A4}"
EndProject
Global
	GlobalSection(SolutionConfigurationPlatforms) = preSolution
		Debug|Any CPU = Debug|Any CPU
		Release|Any CPU = Release|Any CPU
	EndGlobalSection
	GlobalSection(ProjectConfigurationPlatforms) = postSolution
		{7B967F74-0586-42CE-A999-B4D767433CFA}.Debug|Any CPU.ActiveCfg = Debug|Any CPU
		{7B967F74-0586-42CE-A999-B4D767433CFA}.Debug|Any CPU.Build.0 = Debug|Any CPU
		{7B967F74-0586-42CE-A999-B4D767433CFA}.Release|Any CPU.ActiveCfg = Release|Any CPU
		{7B967F74-0586-42CE-A999-B4D767433CFA}.Release|Any CPU.Build.0 = Release|Any CPU
		{D813E352-F7EF-271B-9899-AD946A56F4A4}.Debug|Any CPU.ActiveCfg = Debug|Any CPU
		{D813E352-F7EF-271B-9899-AD946A56F4A4}.Debug|Any CPU.Build.0 = Debug|Any CPU
		{D813E352-F7EF-271B-9899-AD946A56F4A4}.Release|Any CPU.ActiveCfg = Release|Any CPU
		{D813E352-F7EF-271B-9899-AD946A56F4A4}.Release|Any CPU.Build.0 = Release|Any CPU
	EndGlobalSection
	GlobalSection(SolutionProperties) = preSolution
		HideSolutionNode = FALSE
	EndGlobalSection
EndGlobal
